<?xml version="1.0" encoding="utf-8"?>
<Project ToolsVersion="4.0" xmlns="http://schemas.microsoft.com/developer/msbuild/2003">
  <ItemGroup>
    <Filter Include="Resource Files">
      <UniqueIdentifier>{67DA6AB6-F800-4c08-8B7A-83BB121AAD01}</UniqueIdentifier>
      <Extensions>rc;ico;cur;bmp;dlg;rc2;rct;bin;rgs;gif;jpg;jpeg;jpe;resx;tiff;tif;png;wav;mfcribbon-ms</Extensions>
    </Filter>
    <Filter Include="Engine">
      <UniqueIdentifier>{83186395-3e1f-400b-b7e8-5f10112979af}</UniqueIdentifier>
    </Filter>
    <Filter Include="Engine\Objects">
      <UniqueIdentifier>{76caf965-56bb-4342-800b-5e9f222cf4fe}</UniqueIdentifier>
    </Filter>
    <Filter Include="Engine\Source Files">
      <UniqueIdentifier>{4FC737F1-C7A5-4376-A066-2A32D752A2FF}</UniqueIdentifier>
      <Extensions>cpp;c;cc;cxx;c++;cppm;ixx;def;odl;idl;hpj;bat;asm;asmx</Extensions>
    </Filter>
    <Filter Include="Engine\Math">
      <UniqueIdentifier>{ab1ae8f9-6970-4ac6-a2d6-93a3c1d1428c}</UniqueIdentifier>
    </Filter>
    <Filter Include="Engine\Header Files">
      <UniqueIdentifier>{93995380-89BD-4b04-88EB-625FBE52EBFB}</UniqueIdentifier>
      <Extensions>h;hh;hpp;hxx;h++;hm;inl;inc;ipp;xsd</Extensions>
    </Filter>
    <Filter Include="Engine\Components">
      <UniqueIdentifier>{e94efe05-fd66-47ed-95ae-281646d018e7}</UniqueIdentifier>
    </Filter>
    <Filter Include="Engine\Camera">
      <UniqueIdentifier>{fd601f3c-291f-468f-afc4-ff4b6ba2915c}</UniqueIdentifier>
    </Filter>
    <Filter Include="Engine\Render">
      <UniqueIdentifier>{de2bd3f7-aafb-4b73-8858-05db393fa1f2}</UniqueIdentifier>
    </Filter>
    <Filter Include="Engine\Components\ShapeComponent">
      <UniqueIdentifier>{e3f9ff56-ae87-4b4b-a39d-7ff2f62c2d24}</UniqueIdentifier>
    </Filter>
    <Filter Include="Engine\Components\ShapeComponent\Shapes">
      <UniqueIdentifier>{ea823aa2-8ee1-48a0-a25f-5dc04c55cfa9}</UniqueIdentifier>
    </Filter>
    <Filter Include="Engine\Navigation">
      <UniqueIdentifier>{a7721929-623a-46ca-a790-a4999408cd61}</UniqueIdentifier>
    </Filter>
    <Filter Include="Engine\Navigation\Graph">
      <UniqueIdentifier>{8c73c3dc-4329-4c24-b891-3742c311fcf3}</UniqueIdentifier>
    </Filter>
    <Filter Include="Engine\Navigation\NavMesh">
      <UniqueIdentifier>{800e1d0d-d6bc-44b7-8b64-7b804987890e}</UniqueIdentifier>
    </Filter>
    <Filter Include="Engine\Navigation\Obstacle">
      <UniqueIdentifier>{140ca853-ddbc-4c3e-83a2-92bbef71b64a}</UniqueIdentifier>
    </Filter>
    <Filter Include="Engine\Navigation\PathFinding">
      <UniqueIdentifier>{28066a12-6861-423f-8ab8-ebb42d77443a}</UniqueIdentifier>
    </Filter>
  </ItemGroup>
  <ItemGroup>
    <ClCompile Include="Engine.cpp">
      <Filter>Engine</Filter>
    </ClCompile>
    <ClCompile Include="Actor.cpp">
      <Filter>Engine\Objects</Filter>
    </ClCompile>
    <ClCompile Include="Vector2D.cpp">
      <Filter>Engine\Math</Filter>
    </ClCompile>
    <ClCompile Include="Object.cpp">
      <Filter>Engine\Objects</Filter>
    </ClCompile>
    <ClCompile Include="World.cpp">
      <Filter>Engine\Source Files</Filter>
    </ClCompile>
    <ClCompile Include="CameraComponent.cpp">
      <Filter>Engine\Camera</Filter>
    </ClCompile>
    <ClCompile Include="CameraManager.cpp">
      <Filter>Engine\Camera</Filter>
    </ClCompile>
    <ClCompile Include="Component.cpp">
      <Filter>Engine\Components</Filter>
    </ClCompile>
    <ClCompile Include="Shape.cpp">
      <Filter>Engine\Components\ShapeComponent\Shapes</Filter>
    </ClCompile>
    <ClCompile Include="Rectangle.cpp">
      <Filter>Engine\Components\ShapeComponent\Shapes</Filter>
    </ClCompile>
    <ClCompile Include="ShapeComponent.cpp">
      <Filter>Engine\Components\ShapeComponent</Filter>
    </ClCompile>
    <ClCompile Include="SceneComponent.cpp">
      <Filter>Engine\Components</Filter>
    </ClCompile>
    <ClCompile Include="Graph.cpp">
      <Filter>Engine\Navigation\Graph</Filter>
    </ClCompile>
    <ClCompile Include="SimpleNavMesh.cpp">
      <Filter>Engine\Navigation\NavMesh</Filter>
    </ClCompile>
    <ClCompile Include="ObstacleComponent.cpp">
      <Filter>Engine\Source Files</Filter>
    </ClCompile>
    <ClCompile Include="Box.cpp">
      <Filter>Engine\Math</Filter>
    </ClCompile>
    <ClCompile Include="PathfindingAStar.cpp">
      <Filter>Engine\Navigation\PathFinding</Filter>
    </ClCompile>
    <ClCompile Include="PathfindingAlgorithm.cpp">
      <Filter>Engine\Navigation\PathFinding</Filter>
    </ClCompile>
  </ItemGroup>
  <ItemGroup>
    <ClInclude Include="PCH.h">
      <Filter>Engine\Header Files</Filter>
    </ClInclude>
    <ClInclude Include="Types.h">
      <Filter>Engine\Header Files</Filter>
    </ClInclude>
    <ClInclude Include="Engine.h">
      <Filter>Engine</Filter>
    </ClInclude>
    <ClInclude Include="Actor.h">
      <Filter>Engine\Objects</Filter>
    </ClInclude>
    <ClInclude Include="Vector2D.h">
      <Filter>Engine\Math</Filter>
    </ClInclude>
    <ClInclude Include="Object.h">
      <Filter>Engine\Objects</Filter>
    </ClInclude>
    <ClInclude Include="World.h">
      <Filter>Engine\Header Files</Filter>
    </ClInclude>
    <ClInclude Include="CameraComponent.h">
      <Filter>Engine\Camera</Filter>
    </ClInclude>
    <ClInclude Include="CameraManager.h">
      <Filter>Engine\Camera</Filter>
    </ClInclude>
    <ClInclude Include="Logging.h">
      <Filter>Engine\Header Files</Filter>
    </ClInclude>
    <ClInclude Include="Component.h">
      <Filter>Engine\Components</Filter>
    </ClInclude>
    <ClInclude Include="Shape.h">
      <Filter>Engine\Components\ShapeComponent\Shapes</Filter>
    </ClInclude>
    <ClInclude Include="Rectangle.h">
      <Filter>Engine\Components\ShapeComponent\Shapes</Filter>
    </ClInclude>
    <ClInclude Include="ShapeComponent.h">
      <Filter>Engine\Components\ShapeComponent</Filter>
    </ClInclude>
    <ClInclude Include="SceneComponent.h">
      <Filter>Engine\Components</Filter>
    </ClInclude>
    <ClInclude Include="Graph.h">
      <Filter>Engine\Navigation\Graph</Filter>
    </ClInclude>
    <ClInclude Include="SimpleNavMesh.h">
      <Filter>Engine\Navigation\NavMesh</Filter>
    </ClInclude>
    <ClInclude Include="ObstacleComponent.h">
      <Filter>Engine\Header Files</Filter>
    </ClInclude>
    <ClInclude Include="Box.h">
      <Filter>Engine\Math</Filter>
    </ClInclude>
    <ClInclude Include="PathfindingAStar.h">
      <Filter>Engine\Navigation\PathFinding</Filter>
    </ClInclude>
    <ClInclude Include="PathfindingAlgorithm.h">
      <Filter>Engine\Navigation\PathFinding</Filter>
    </ClInclude>
  </ItemGroup>
</Project>